// !$*UTF8*$!
{
	archiveVersion = 1;
	classes = {
	};
	objectVersion = 50;
	objects = {

/* Begin PBXBuildFile section */
		2A0ED6142627B9BA005CAB59 /* AppDelegate.swift in Sources */ = {isa = PBXBuildFile; fileRef = 2A0ED6132627B9BA005CAB59 /* AppDelegate.swift */; };
		2A0ED6162627B9BA005CAB59 /* SceneDelegate.swift in Sources */ = {isa = PBXBuildFile; fileRef = 2A0ED6152627B9BA005CAB59 /* SceneDelegate.swift */; };
		2A0ED6182627B9BA005CAB59 /* MainScreenViewController.swift in Sources */ = {isa = PBXBuildFile; fileRef = 2A0ED6172627B9BA005CAB59 /* MainScreenViewController.swift */; };
		2A0ED61B2627B9BA005CAB59 /* Main.storyboard in Resources */ = {isa = PBXBuildFile; fileRef = 2A0ED6192627B9BA005CAB59 /* Main.storyboard */; };
		2A0ED61E2627B9BA005CAB59 /* Toe_Beans.xcdatamodeld in Sources */ = {isa = PBXBuildFile; fileRef = 2A0ED61C2627B9BA005CAB59 /* Toe_Beans.xcdatamodeld */; };
		2A0ED6202627B9BC005CAB59 /* Assets.xcassets in Resources */ = {isa = PBXBuildFile; fileRef = 2A0ED61F2627B9BC005CAB59 /* Assets.xcassets */; };
		2A0ED6232627B9BC005CAB59 /* LaunchScreen.storyboard in Resources */ = {isa = PBXBuildFile; fileRef = 2A0ED6212627B9BC005CAB59 /* LaunchScreen.storyboard */; };
		2A2EE65B262FC07B00CA8913 /* SearchViewController.swift in Sources */ = {isa = PBXBuildFile; fileRef = 2A2EE65A262FC07B00CA8913 /* SearchViewController.swift */; };
		2A5595F92630ED3800FB7328 /* SearchResult.swift in Sources */ = {isa = PBXBuildFile; fileRef = 2A5595F82630ED3800FB7328 /* SearchResult.swift */; };
		2AECE33E263BC2FE0033AF06 /* SearchResultCell.xib in Resources */ = {isa = PBXBuildFile; fileRef = 2AECE33D263BC2FE0033AF06 /* SearchResultCell.xib */; };
		2AECE341263BC6120033AF06 /* SearchResultCell.swift in Sources */ = {isa = PBXBuildFile; fileRef = 2AECE340263BC6120033AF06 /* SearchResultCell.swift */; };
		2AF1EB4D262E3B30009489F3 /* AboutViewController.swift in Sources */ = {isa = PBXBuildFile; fileRef = 2AF1EB4C262E3B30009489F3 /* AboutViewController.swift */; };
		2AF1EB50262E45D5009489F3 /* FavoriteTableViewController.swift in Sources */ = {isa = PBXBuildFile; fileRef = 2AF1EB4F262E45D5009489F3 /* FavoriteTableViewController.swift */; };
/* End PBXBuildFile section */

/* Begin PBXFileReference section */
		2A0ED6102627B9BA005CAB59 /* Toe Beans.app */ = {isa = PBXFileReference; explicitFileType = wrapper.application; includeInIndex = 0; path = "Toe Beans.app"; sourceTree = BUILT_PRODUCTS_DIR; };
		2A0ED6132627B9BA005CAB59 /* AppDelegate.swift */ = {isa = PBXFileReference; lastKnownFileType = sourcecode.swift; path = AppDelegate.swift; sourceTree = "<group>"; };
		2A0ED6152627B9BA005CAB59 /* SceneDelegate.swift */ = {isa = PBXFileReference; lastKnownFileType = sourcecode.swift; path = SceneDelegate.swift; sourceTree = "<group>"; };
		2A0ED6172627B9BA005CAB59 /* MainScreenViewController.swift */ = {isa = PBXFileReference; lastKnownFileType = sourcecode.swift; path = MainScreenViewController.swift; sourceTree = "<group>"; };
		2A0ED61A2627B9BA005CAB59 /* Base */ = {isa = PBXFileReference; lastKnownFileType = file.storyboard; name = Base; path = Base.lproj/Main.storyboard; sourceTree = "<group>"; };
		2A0ED61D2627B9BA005CAB59 /* Toe_Beans.xcdatamodel */ = {isa = PBXFileReference; lastKnownFileType = wrapper.xcdatamodel; path = Toe_Beans.xcdatamodel; sourceTree = "<group>"; };
		2A0ED61F2627B9BC005CAB59 /* Assets.xcassets */ = {isa = PBXFileReference; lastKnownFileType = folder.assetcatalog; path = Assets.xcassets; sourceTree = "<group>"; };
		2A0ED6222627B9BC005CAB59 /* Base */ = {isa = PBXFileReference; lastKnownFileType = file.storyboard; name = Base; path = Base.lproj/LaunchScreen.storyboard; sourceTree = "<group>"; };
		2A0ED6242627B9BC005CAB59 /* Info.plist */ = {isa = PBXFileReference; lastKnownFileType = text.plist.xml; path = Info.plist; sourceTree = "<group>"; };
		2A2EE65A262FC07B00CA8913 /* SearchViewController.swift */ = {isa = PBXFileReference; lastKnownFileType = sourcecode.swift; path = SearchViewController.swift; sourceTree = "<group>"; };
		2A5595F82630ED3800FB7328 /* SearchResult.swift */ = {isa = PBXFileReference; lastKnownFileType = sourcecode.swift; path = SearchResult.swift; sourceTree = "<group>"; };
		2AECE33D263BC2FE0033AF06 /* SearchResultCell.xib */ = {isa = PBXFileReference; lastKnownFileType = file.xib; path = SearchResultCell.xib; sourceTree = "<group>"; };
		2AECE340263BC6120033AF06 /* SearchResultCell.swift */ = {isa = PBXFileReference; lastKnownFileType = sourcecode.swift; path = SearchResultCell.swift; sourceTree = "<group>"; };
		2AF1EB4C262E3B30009489F3 /* AboutViewController.swift */ = {isa = PBXFileReference; lastKnownFileType = sourcecode.swift; path = AboutViewController.swift; sourceTree = "<group>"; };
		2AF1EB4F262E45D5009489F3 /* FavoriteTableViewController.swift */ = {isa = PBXFileReference; lastKnownFileType = sourcecode.swift; path = FavoriteTableViewController.swift; sourceTree = "<group>"; };
/* End PBXFileReference section */

/* Begin PBXFrameworksBuildPhase section */
		2A0ED60D2627B9BA005CAB59 /* Frameworks */ = {
			isa = PBXFrameworksBuildPhase;
			buildActionMask = 2147483647;
			files = (
			);
			runOnlyForDeploymentPostprocessing = 0;
		};
/* End PBXFrameworksBuildPhase section */

/* Begin PBXGroup section */
		2A0ED6072627B9BA005CAB59 = {
			isa = PBXGroup;
			children = (
				2A0ED6122627B9BA005CAB59 /* Toe Beans */,
				2A0ED6112627B9BA005CAB59 /* Products */,
			);
			sourceTree = "<group>";
		};
		2A0ED6112627B9BA005CAB59 /* Products */ = {
			isa = PBXGroup;
			children = (
				2A0ED6102627B9BA005CAB59 /* Toe Beans.app */,
			);
			name = Products;
			sourceTree = "<group>";
		};
		2A0ED6122627B9BA005CAB59 /* Toe Beans */ = {
			isa = PBXGroup;
			children = (
				2A0ED6132627B9BA005CAB59 /* AppDelegate.swift */,
				2A0ED6152627B9BA005CAB59 /* SceneDelegate.swift */,
				2A0ED6172627B9BA005CAB59 /* MainScreenViewController.swift */,
				2A0ED6192627B9BA005CAB59 /* Main.storyboard */,
				2AECE33D263BC2FE0033AF06 /* SearchResultCell.xib */,
				2A2EE65A262FC07B00CA8913 /* SearchViewController.swift */,
				2AECE340263BC6120033AF06 /* SearchResultCell.swift */,
				2A5595F82630ED3800FB7328 /* SearchResult.swift */,
				2AF1EB4F262E45D5009489F3 /* FavoriteTableViewController.swift */,
				2AF1EB4C262E3B30009489F3 /* AboutViewController.swift */,
				2A0ED61F2627B9BC005CAB59 /* Assets.xcassets */,
				2A0ED6212627B9BC005CAB59 /* LaunchScreen.storyboard */,
				2A0ED6242627B9BC005CAB59 /* Info.plist */,
				2A0ED61C2627B9BA005CAB59 /* Toe_Beans.xcdatamodeld */,
			);
			path = "Toe Beans";
			sourceTree = "<group>";
		};
/* End PBXGroup section */

/* Begin PBXNativeTarget section */
		2A0ED60F2627B9BA005CAB59 /* Toe Beans */ = {
			isa = PBXNativeTarget;
			buildConfigurationList = 2A0ED6272627B9BC005CAB59 /* Build configuration list for PBXNativeTarget "Toe Beans" */;
			buildPhases = (
				2A0ED60C2627B9BA005CAB59 /* Sources */,
				2A0ED60D2627B9BA005CAB59 /* Frameworks */,
				2A0ED60E2627B9BA005CAB59 /* Resources */,
			);
			buildRules = (
			);
			dependencies = (
			);
			name = "Toe Beans";
			productName = "Toe Beans";
			productReference = 2A0ED6102627B9BA005CAB59 /* Toe Beans.app */;
			productType = "com.apple.product-type.application";
		};
/* End PBXNativeTarget section */

/* Begin PBXProject section */
		2A0ED6082627B9BA005CAB59 /* Project object */ = {
			isa = PBXProject;
			attributes = {
				LastSwiftUpdateCheck = 1240;
				LastUpgradeCheck = 1240;
				TargetAttributes = {
					2A0ED60F2627B9BA005CAB59 = {
						CreatedOnToolsVersion = 12.4;
					};
				};
			};
			buildConfigurationList = 2A0ED60B2627B9BA005CAB59 /* Build configuration list for PBXProject "Toe Beans" */;
			compatibilityVersion = "Xcode 9.3";
			developmentRegion = en;
			hasScannedForEncodings = 0;
			knownRegions = (
				en,
				Base,
			);
			mainGroup = 2A0ED6072627B9BA005CAB59;
			productRefGroup = 2A0ED6112627B9BA005CAB59 /* Products */;
			projectDirPath = "";
			projectRoot = "";
			targets = (
				2A0ED60F2627B9BA005CAB59 /* Toe Beans */,
			);
		};
/* End PBXProject section */

/* Begin PBXResourcesBuildPhase section */
		2A0ED60E2627B9BA005CAB59 /* Resources */ = {
			isa = PBXResourcesBuildPhase;
			buildActionMask = 2147483647;
			files = (
				2A0ED6232627B9BC005CAB59 /* LaunchScreen.storyboard in Resources */,
				2A0ED6202627B9BC005CAB59 /* Assets.xcassets in Resources */,
				2AECE33E263BC2FE0033AF06 /* SearchResultCell.xib in Resources */,
				2A0ED61B2627B9BA005CAB59 /* Main.storyboard in Resources */,
			);
			runOnlyForDeploymentPostprocessing = 0;
		};
/* End PBXResourcesBuildPhase section */

/* Begin PBXSourcesBuildPhase section */
		2A0ED60C2627B9BA005CAB59 /* Sources */ = {
			isa = PBXSourcesBuildPhase;
			buildActionMask = 2147483647;
			files = (
				2A0ED6182627B9BA005CAB59 /* MainScreenViewController.swift in Sources */,
				2A2EE65B262FC07B00CA8913 /* SearchViewController.swift in Sources */,
				2A5595F92630ED3800FB7328 /* SearchResult.swift in Sources */,
				2A0ED6142627B9BA005CAB59 /* AppDelegate.swift in Sources */,
				2A0ED61E2627B9BA005CAB59 /* Toe_Beans.xcdatamodeld in Sources */,
				2AF1EB4D262E3B30009489F3 /* AboutViewController.swift in Sources */,
				2A0ED6162627B9BA005CAB59 /* SceneDelegate.swift in Sources */,
				2AECE341263BC6120033AF06 /* SearchResultCell.swift in Sources */,
				2AF1EB50262E45D5009489F3 /* FavoriteTableViewController.swift in Sources */,
			);
			runOnlyForDeploymentPostprocessing = 0;
		};
/* End PBXSourcesBuildPhase section */

/* Begin PBXVariantGroup section */
		2A0ED6192627B9BA005CAB59 /* Main.storyboard */ = {
			isa = PBXVariantGroup;
			children = (
				2A0ED61A2627B9BA005CAB59 /* Base */,
			);
			name = Main.storyboard;
			sourceTree = "<group>";
		};
		2A0ED6212627B9BC005CAB59 /* LaunchScreen.storyboard */ = {
			isa = PBXVariantGroup;
			children = (
				2A0ED6222627B9BC005CAB59 /* Base */,
			);
			name = LaunchScreen.storyboard;
			sourceTree = "<group>";
		};
/* End PBXVariantGroup section */

/* Begin XCBuildConfiguration section */
		2A0ED6252627B9BC005CAB59 /* Debug */ = {
			isa = XCBuildConfiguration;
			buildSettings = {
				ALWAYS_SEARCH_USER_PATHS = NO;
				CLANG_ANALYZER_NONNULL = YES;
				CLANG_ANALYZER_NUMBER_OBJECT_CONVERSION = YES_AGGRESSIVE;
				CLANG_CXX_LANGUAGE_STANDARD = "gnu++14";
				CLANG_CXX_LIBRARY = "libc++";
				CLANG_ENABLE_MODULES = YES;
				CLANG_ENABLE_OBJC_ARC = YES;
				CLANG_ENABLE_OBJC_WEAK = YES;
				CLANG_WARN_BLOCK_CAPTURE_AUTORELEASING = YES;
				CLANG_WARN_BOOL_CONVERSION = YES;
				CLANG_WARN_COMMA = YES;
				CLANG_WARN_CONSTANT_CONVERSION = YES;
				CLANG_WARN_DEPRECATED_OBJC_IMPLEMENTATIONS = YES;
				CLANG_WARN_DIRECT_OBJC_ISA_USAGE = YES_ERROR;
				CLANG_WARN_DOCUMENTATION_COMMENTS = YES;
				CLANG_WARN_EMPTY_BODY = YES;
				CLANG_WARN_ENUM_CONVERSION = YES;
				CLANG_WARN_INFINITE_RECURSION = YES;
				CLANG_WARN_INT_CONVERSION = YES;
				CLANG_WARN_NON_LITERAL_NULL_CONVERSION = YES;
				CLANG_WARN_OBJC_IMPLICIT_RETAIN_SELF = YES;
				CLANG_WARN_OBJC_LITERAL_CONVERSION = YES;
				CLANG_WARN_OBJC_ROOT_CLASS = YES_ERROR;
				CLANG_WARN_QUOTED_INCLUDE_IN_FRAMEWORK_HEADER = YES;
				CLANG_WARN_RANGE_LOOP_ANALYSIS = YES;
				CLANG_WARN_STRICT_PROTOTYPES = YES;
				CLANG_WARN_SUSPICIOUS_MOVE = YES;
				CLANG_WARN_UNGUARDED_AVAILABILITY = YES_AGGRESSIVE;
				CLANG_WARN_UNREACHABLE_CODE = YES;
				CLANG_WARN__DUPLICATE_METHOD_MATCH = YES;
				COPY_PHASE_STRIP = NO;
				DEBUG_INFORMATION_FORMAT = dwarf;
				ENABLE_STRICT_OBJC_MSGSEND = YES;
				ENABLE_TESTABILITY = YES;
				GCC_C_LANGUAGE_STANDARD = gnu11;
				GCC_DYNAMIC_NO_PIC = NO;
				GCC_NO_COMMON_BLOCKS = YES;
				GCC_OPTIMIZATION_LEVEL = 0;
				GCC_PREPROCESSOR_DEFINITIONS = (
					"DEBUG=1",
					"$(inherited)",
				);
				GCC_WARN_64_TO_32_BIT_CONVERSION = YES;
				GCC_WARN_ABOUT_RETURN_TYPE = YES_ERROR;
				GCC_WARN_UNDECLARED_SELECTOR = YES;
				GCC_WARN_UNINITIALIZED_AUTOS = YES_AGGRESSIVE;
				GCC_WARN_UNUSED_FUNCTION = YES;
				GCC_WARN_UNUSED_VARIABLE = YES;
				IPHONEOS_DEPLOYMENT_TARGET = 14.4;
				MTL_ENABLE_DEBUG_INFO = INCLUDE_SOURCE;
				MTL_FAST_MATH = YES;
				ONLY_ACTIVE_ARCH = YES;
				SDKROOT = iphoneos;
				SWIFT_ACTIVE_COMPILATION_CONDITIONS = DEBUG;
				SWIFT_OPTIMIZATION_LEVEL = "-Onone";
			};
			name = Debug;
		};
		2A0ED6262627B9BC005CAB59 /* Release */ = {
			isa = XCBuildConfiguration;
			buildSettings = {
				ALWAYS_SEARCH_USER_PATHS = NO;
				CLANG_ANALYZER_NONNULL = YES;
				CLANG_ANALYZER_NUMBER_OBJECT_CONVERSION = YES_AGGRESSIVE;
				CLANG_CXX_LANGUAGE_STANDARD = "gnu++14";
				CLANG_CXX_LIBRARY = "libc++";
				CLANG_ENABLE_MODULES = YES;
				CLANG_ENABLE_OBJC_ARC = YES;
				CLANG_ENABLE_OBJC_WEAK = YES;
				CLANG_WARN_BLOCK_CAPTURE_AUTORELEASING = YES;
				CLANG_WARN_BOOL_CONVERSION = YES;
				CLANG_WARN_COMMA = YES;
				CLANG_WARN_CONSTANT_CONVERSION = YES;
				CLANG_WARN_DEPRECATED_OBJC_IMPLEMENTATIONS = YES;
				CLANG_WARN_DIRECT_OBJC_ISA_USAGE = YES_ERROR;
				CLANG_WARN_DOCUMENTATION_COMMENTS = YES;
				CLANG_WARN_EMPTY_BODY = YES;
				CLANG_WARN_ENUM_CONVERSION = YES;
				CLANG_WARN_INFINITE_RECURSION = YES;
				CLANG_WARN_INT_CONVERSION = YES;
				CLANG_WARN_NON_LITERAL_NULL_CONVERSION = YES;
				CLANG_WARN_OBJC_IMPLICIT_RETAIN_SELF = YES;
				CLANG_WARN_OBJC_LITERAL_CONVERSION = YES;
				CLANG_WARN_OBJC_ROOT_CLASS = YES_ERROR;
				CLANG_WARN_QUOTED_INCLUDE_IN_FRAMEWORK_HEADER = YES;
				CLANG_WARN_RANGE_LOOP_ANALYSIS = YES;
				CLANG_WARN_STRICT_PROTOTYPES = YES;
				CLANG_WARN_SUSPICIOUS_MOVE = YES;
				CLANG_WARN_UNGUARDED_AVAILABILITY = YES_AGGRESSIVE;
				CLANG_WARN_UNREACHABLE_CODE = YES;
				CLANG_WARN__DUPLICATE_METHOD_MATCH = YES;
				COPY_PHASE_STRIP = NO;
				DEBUG_INFORMATION_FORMAT = "dwarf-with-dsym";
				ENABLE_NS_ASSERTIONS = NO;
				ENABLE_STRICT_OBJC_MSGSEND = YES;
				GCC_C_LANGUAGE_STANDARD = gnu11;
				GCC_NO_COMMON_BLOCKS = YES;
				GCC_WARN_64_TO_32_BIT_CONVERSION = YES;
				GCC_WARN_ABOUT_RETURN_TYPE = YES_ERROR;
				GCC_WARN_UNDECLARED_SELECTOR = YES;
				GCC_WARN_UNINITIALIZED_AUTOS = YES_AGGRESSIVE;
				GCC_WARN_UNUSED_FUNCTION = YES;
				GCC_WARN_UNUSED_VARIABLE = YES;
				IPHONEOS_DEPLOYMENT_TARGET = 14.4;
				MTL_ENABLE_DEBUG_INFO = NO;
				MTL_FAST_MATH = YES;
				SDKROOT = iphoneos;
				SWIFT_COMPILATION_MODE = wholemodule;
				SWIFT_OPTIMIZATION_LEVEL = "-O";
				VALIDATE_PRODUCT = YES;
			};
			name = Release;
		};
		2A0ED6282627B9BC005CAB59 /* Debug */ = {
			isa = XCBuildConfiguration;
			buildSettings = {
				ASSETCATALOG_COMPILER_APPICON_NAME = AppIcon;
				ASSETCATALOG_COMPILER_GLOBAL_ACCENT_COLOR_NAME = AccentColor;
				CODE_SIGN_STYLE = Automatic;
				DEVELOPMENT_TEAM = 8PX32YS54T;
				INFOPLIST_FILE = "Toe Beans/Info.plist";
				LD_RUNPATH_SEARCH_PATHS = (
					"$(inherited)",
					"@executable_path/Frameworks",
				);
				PRODUCT_BUNDLE_IDENTIFIER = "com.Alyssa-Ma.Toe-Beans";
				PRODUCT_NAME = "$(TARGET_NAME)";
				SWIFT_VERSION = 5.0;
				TARGETED_DEVICE_FAMILY = "1,2";
			};
			name = Debug;
		};
		2A0ED6292627B9BC005CAB59 /* Release */ = {
			isa = XCBuildConfiguration;
			buildSettings = {
				ASSETCATALOG_COMPILER_APPICON_NAME = AppIcon;
				ASSETCATALOG_COMPILER_GLOBAL_ACCENT_COLOR_NAME = AccentColor;
				CODE_SIGN_STYLE = Automatic;
				DEVELOPMENT_TEAM = 8PX32YS54T;
				INFOPLIST_FILE = "Toe Beans/Info.plist";
				LD_RUNPATH_SEARCH_PATHS = (
					"$(inherited)",
					"@executable_path/Frameworks",
				);
				PRODUCT_BUNDLE_IDENTIFIER = "com.Alyssa-Ma.Toe-Beans";
				PRODUCT_NAME = "$(TARGET_NAME)";
				SWIFT_VERSION = 5.0;
				TARGETED_DEVICE_FAMILY = "1,2";
			};
			name = Release;
		};
/* End XCBuildConfiguration section */

/* Begin XCConfigurationList section */
		2A0ED60B2627B9BA005CAB59 /* Build configuration list for PBXProject "Toe Beans" */ = {
			isa = XCConfigurationList;
			buildConfigurations = (
				2A0ED6252627B9BC005CAB59 /* Debug */,
				2A0ED6262627B9BC005CAB59 /* Release */,
			);
			defaultConfigurationIsVisible = 0;
			defaultConfigurationName = Release;
		};
		2A0ED6272627B9BC005CAB59 /* Build configuration list for PBXNativeTarget "Toe Beans" */ = {
			isa = XCConfigurationList;
			buildConfigurations = (
				2A0ED6282627B9BC005CAB59 /* Debug */,
				2A0ED6292627B9BC005CAB59 /* Release */,
			);
			defaultConfigurationIsVisible = 0;
			defaultConfigurationName = Release;
		};
/* End XCConfigurationList section */

/* Begin XCVersionGroup section */
		2A0ED61C2627B9BA005CAB59 /* Toe_Beans.xcdatamodeld */ = {
			isa = XCVersionGroup;
			children = (
				2A0ED61D2627B9BA005CAB59 /* Toe_Beans.xcdatamodel */,
			);
			currentVersion = 2A0ED61D2627B9BA005CAB59 /* Toe_Beans.xcdatamodel */;
			path = Toe_Beans.xcdatamodeld;
			sourceTree = "<group>";
			versionGroupType = wrapper.xcdatamodel;
		};
/* End XCVersionGroup section */
	};
	rootObject = 2A0ED6082627B9BA005CAB59 /* Project object */;
}
